
Microsoft Visual Studio Solution File, Format Version 12.00
# Visual Studio Version 16
VisualStudioVersion = 16.0.29306.81
MinimumVisualStudioVersion = 10.0.40219.1
Project("{FAE04EC0-301F-11D3-BF4B-00C04F79EFBC}") = "TelemetryManager", "TelemetryManager\TelemetryManager.csproj", "{795BF547-02C3-4837-A049-411E1DF89DC2}"
EndProject
Project("{FAE04EC0-301F-11D3-BF4B-00C04F79EFBC}") = "TelemetryManagerTestApp", "TelemetryManagerTestApp\TelemetryManagerTestApp.csproj", "{22517ABB-F20D-440A-BAC6-9F8FC7A60A88}"
EndProject
Global
	GlobalSection(SolutionConfigurationPlatforms) = preSolution
		Debug|Any CPU = Debug|Any CPU
		Release|Any CPU = Release|Any CPU
	EndGlobalSection
	GlobalSection(ProjectConfigurationPlatforms) = postSolution
		{795BF547-02C3-4837-A049-411E1DF89DC2}.Debug|Any CPU.ActiveCfg = Debug|Any CPU
		{795BF547-02C3-4837-A049-411E1DF89DC2}.Debug|Any CPU.Build.0 = Debug|Any CPU
		{795BF547-02C3-4837-A049-411E1DF89DC2}.Release|Any CPU.ActiveCfg = Release|Any CPU
		{795BF547-02C3-4837-A049-411E1DF89DC2}.Release|Any CPU.Build.0 = Release|Any CPU
		{22517ABB-F20D-440A-BAC6-9F8FC7A60A88}.Debug|Any CPU.ActiveCfg = Debug|Any CPU
		{22517ABB-F20D-440A-BAC6-9F8FC7A60A88}.Debug|Any CPU.Build.0 = Debug|Any CPU
		{22517ABB-F20D-440A-BAC6-9F8FC7A60A88}.Release|Any CPU.ActiveCfg = Release|Any CPU
		{22517ABB-F20D-440A-BAC6-9F8FC7A60A88}.Release|Any CPU.Build.0 = Release|Any CPU
	EndGlobalSection
	GlobalSection(SolutionProperties) = preSolution
		HideSolutionNode = FALSE
	EndGlobalSection
	GlobalSection(ExtensibilityGlobals) = postSolution
		SolutionGuid = {851D59DA-F255-497A-8AC6-B06BBAD0EDBA}
	EndGlobalSection
EndGlobal
